
Microsoft Visual Studio Solution File, Format Version 12.00
# Visual Studio 15
VisualStudioVersion = 15.0.28010.2041
MinimumVisualStudioVersion = 10.0.40219.1
Project("{8BC9CEB8-8B4A-11D0-8D11-00A0C91BC942}") = "Question1_3", "Question1_3\Question1_3.vcxproj", "{7FCEB925-8012-43A0-B219-F779079E281B}"
EndProject
Global
	GlobalSection(SolutionConfigurationPlatforms) = preSolution
		Debug|x64 = Debug|x64
		Debug|x86 = Debug|x86
		Release|x64 = Release|x64
		Release|x86 = Release|x86
	EndGlobalSection
	GlobalSection(ProjectConfigurationPlatforms) = postSolution
		{7FCEB925-8012-43A0-B219-F779079E281B}.Debug|x64.ActiveCfg = Debug|x64
		{7FCEB925-8012-43A0-B219-F779079E281B}.Debug|x64.Build.0 = Debug|x64
		{7FCEB925-8012-43A0-B219-F779079E281B}.Debug|x86.ActiveCfg = Debug|Win32
		{7FCEB925-8012-43A0-B219-F779079E281B}.Debug|x86.Build.0 = Debug|Win32
		{7FCEB925-8012-43A0-B219-F779079E281B}.Release|x64.ActiveCfg = Release|x64
		{7FCEB925-8012-43A0-B219-F779079E281B}.Release|x64.Build.0 = Release|x64
		{7FCEB925-8012-43A0-B219-F779079E281B}.Release|x86.ActiveCfg = Release|Win32
		{7FCEB925-8012-43A0-B219-F779079E281B}.Release|x86.Build.0 = Release|Win32
	EndGlobalSection
	GlobalSection(SolutionProperties) = preSolution
		HideSolutionNode = FALSE
	EndGlobalSection
	GlobalSection(ExtensibilityGlobals) = postSolution
		SolutionGuid = {5F3A23A8-CB53-4929-A4FE-C04CA7BA29F9}
	EndGlobalSection
EndGlobal
